
Microsoft Visual Studio Solution File, Format Version 12.00
# Visual Studio Version 17
VisualStudioVersion = 17.12.35527.113
MinimumVisualStudioVersion = 10.0.40219.1
Project("{FAE04EC0-301F-11D3-BF4B-00C04F79EFBC}") = "CurrencyInator.Api", "CurrencyInator.Api\CurrencyInator.Api.csproj", "{082F6273-115A-40C0-8F0F-899D5D962390}"
EndProject
Project("{FAE04EC0-301F-11D3-BF4B-00C04F79EFBC}") = "CurrencyInator.Core", "CurrencyInator.Core\CurrencyInator.Core.csproj", "{C7601A10-18CC-4607-BE3E-797020FF5FE3}"
EndProject
Project("{E53339B2-1760-4266-BCC7-CA923CBCF16C}") = "docker-compose", "docker-compose.dcproj", "{C39729E0-D247-4247-865F-DA1058BF6480}"
EndProject
Project("{FAE04EC0-301F-11D3-BF4B-00C04F79EFBC}") = "CurrencyInator.Core.Tests", "CurrencyInator.Core.Tests\CurrencyInator.Core.Tests.csproj", "{A302572D-7FD5-4327-8D31-CDB1736B2BEF}"
EndProject
Global
	GlobalSection(SolutionConfigurationPlatforms) = preSolution
		Debug|Any CPU = Debug|Any CPU
		Release|Any CPU = Release|Any CPU
	EndGlobalSection
	GlobalSection(ProjectConfigurationPlatforms) = postSolution
		{082F6273-115A-40C0-8F0F-899D5D962390}.Debug|Any CPU.ActiveCfg = Debug|Any CPU
		{082F6273-115A-40C0-8F0F-899D5D962390}.Debug|Any CPU.Build.0 = Debug|Any CPU
		{082F6273-115A-40C0-8F0F-899D5D962390}.Release|Any CPU.ActiveCfg = Release|Any CPU
		{082F6273-115A-40C0-8F0F-899D5D962390}.Release|Any CPU.Build.0 = Release|Any CPU
		{C7601A10-18CC-4607-BE3E-797020FF5FE3}.Debug|Any CPU.ActiveCfg = Debug|Any CPU
		{C7601A10-18CC-4607-BE3E-797020FF5FE3}.Debug|Any CPU.Build.0 = Debug|Any CPU
		{C7601A10-18CC-4607-BE3E-797020FF5FE3}.Release|Any CPU.ActiveCfg = Release|Any CPU
		{C7601A10-18CC-4607-BE3E-797020FF5FE3}.Release|Any CPU.Build.0 = Release|Any CPU
		{C39729E0-D247-4247-865F-DA1058BF6480}.Debug|Any CPU.ActiveCfg = Debug|Any CPU
		{C39729E0-D247-4247-865F-DA1058BF6480}.Debug|Any CPU.Build.0 = Debug|Any CPU
		{C39729E0-D247-4247-865F-DA1058BF6480}.Release|Any CPU.ActiveCfg = Release|Any CPU
		{C39729E0-D247-4247-865F-DA1058BF6480}.Release|Any CPU.Build.0 = Release|Any CPU
		{A302572D-7FD5-4327-8D31-CDB1736B2BEF}.Debug|Any CPU.ActiveCfg = Debug|Any CPU
		{A302572D-7FD5-4327-8D31-CDB1736B2BEF}.Debug|Any CPU.Build.0 = Debug|Any CPU
		{A302572D-7FD5-4327-8D31-CDB1736B2BEF}.Release|Any CPU.ActiveCfg = Release|Any CPU
		{A302572D-7FD5-4327-8D31-CDB1736B2BEF}.Release|Any CPU.Build.0 = Release|Any CPU
	EndGlobalSection
	GlobalSection(SolutionProperties) = preSolution
		HideSolutionNode = FALSE
	EndGlobalSection
EndGlobal
